
Microsoft Visual Studio Solution File, Format Version 12.00
# Visual Studio Version 17
VisualStudioVersion = 17.8.34330.188
MinimumVisualStudioVersion = 10.0.40219.1
Project("{9A19103F-16F7-4668-BE54-9A1E7A4F7556}") = "ConfereSorteios", "ConfereSorteio\ConfereSorteios.csproj", "{944F0716-7C42-48FE-B830-EFBD7FE251F2}"
EndProject
Global
	GlobalSection(SolutionConfigurationPlatforms) = preSolution
		Debug|Any CPU = Debug|Any CPU
		Release|Any CPU = Release|Any CPU
	EndGlobalSection
	GlobalSection(ProjectConfigurationPlatforms) = postSolution
		{944F0716-7C42-48FE-B830-EFBD7FE251F2}.Debug|Any CPU.ActiveCfg = Debug|Any CPU
		{944F0716-7C42-48FE-B830-EFBD7FE251F2}.Debug|Any CPU.Build.0 = Debug|Any CPU
		{944F0716-7C42-48FE-B830-EFBD7FE251F2}.Release|Any CPU.ActiveCfg = Release|Any CPU
		{944F0716-7C42-48FE-B830-EFBD7FE251F2}.Release|Any CPU.Build.0 = Release|Any CPU
	EndGlobalSection
	GlobalSection(SolutionProperties) = preSolution
		HideSolutionNode = FALSE
	EndGlobalSection
	GlobalSection(ExtensibilityGlobals) = postSolution
		SolutionGuid = {8C081CB9-5822-478A-B70E-366CBED3BB1E}
	EndGlobalSection
EndGlobal
